
Microsoft Visual Studio Solution File, Format Version 12.00
# Visual Studio Version 17
VisualStudioVersion = 17.8.34511.84
MinimumVisualStudioVersion = 10.0.40219.1
Project("{FAE04EC0-301F-11D3-BF4B-00C04F79EFBC}") = "cuenta-api", "cuenta-api\cuenta-api.csproj", "{5154F4EB-6440-419E-B152-BA34A1184DE8}"
EndProject
Global
	GlobalSection(SolutionConfigurationPlatforms) = preSolution
		Debug|Any CPU = Debug|Any CPU
		Release|Any CPU = Release|Any CPU
	EndGlobalSection
	GlobalSection(ProjectConfigurationPlatforms) = postSolution
		{5154F4EB-6440-419E-B152-BA34A1184DE8}.Debug|Any CPU.ActiveCfg = Debug|Any CPU
		{5154F4EB-6440-419E-B152-BA34A1184DE8}.Debug|Any CPU.Build.0 = Debug|Any CPU
		{5154F4EB-6440-419E-B152-BA34A1184DE8}.Release|Any CPU.ActiveCfg = Release|Any CPU
		{5154F4EB-6440-419E-B152-BA34A1184DE8}.Release|Any CPU.Build.0 = Release|Any CPU
	EndGlobalSection
	GlobalSection(SolutionProperties) = preSolution
		HideSolutionNode = FALSE
	EndGlobalSection
	GlobalSection(ExtensibilityGlobals) = postSolution
		SolutionGuid = {4FE8CC69-0884-4A42-BF07-AC371FCAE021}
	EndGlobalSection
EndGlobal
